// !$*UTF8*$!
{
	archiveVersion = 1;
	classes = {
	};
	objectVersion = 55;
	objects = {

/* Begin PBXBuildFile section */
		0457E6C18D1F9E86DD470F71 /* Pods_GPSStyleTests.framework in Frameworks */ = {isa = PBXBuildFile; fileRef = 13242142B07C9908B209D70B /* Pods_GPSStyleTests.framework */; };
		702F8C4229042B29006B4DF1 /* MainTabBarController.swift in Sources */ = {isa = PBXBuildFile; fileRef = 702F8C4129042B29006B4DF1 /* MainTabBarController.swift */; };
		702F8C4529042C8A006B4DF1 /* swiftgen.yml in Resources */ = {isa = PBXBuildFile; fileRef = 702F8C4429042C8A006B4DF1 /* swiftgen.yml */; };
		702F8C4C29042F45006B4DF1 /* Strings.swift in Sources */ = {isa = PBXBuildFile; fileRef = 702F8C4B29042F45006B4DF1 /* Strings.swift */; };
		702F8C5D2904322D006B4DF1 /* en.strings in Resources */ = {isa = PBXBuildFile; fileRef = 702F8C5F2904322D006B4DF1 /* en.strings */; };
		702F8C602904324D006B4DF1 /* ru.strings in Resources */ = {isa = PBXBuildFile; fileRef = 702F8C622904324D006B4DF1 /* ru.strings */; };
		702F8C672904355D006B4DF1 /* Colors.swift in Sources */ = {isa = PBXBuildFile; fileRef = 702F8C662904355D006B4DF1 /* Colors.swift */; };
		702F8C6929043CA7006B4DF1 /* TabBarModel.swift in Sources */ = {isa = PBXBuildFile; fileRef = 702F8C6829043CA7006B4DF1 /* TabBarModel.swift */; };
		702F8C6C290441B3006B4DF1 /* Assets.swift in Sources */ = {isa = PBXBuildFile; fileRef = 702F8C6B290441B3006B4DF1 /* Assets.swift */; };
		702F8C7429044E53006B4DF1 /* HomePresenter.swift in Sources */ = {isa = PBXBuildFile; fileRef = 702F8C6E29044E53006B4DF1 /* HomePresenter.swift */; };
		702F8C7529044E53006B4DF1 /* HomeRouter.swift in Sources */ = {isa = PBXBuildFile; fileRef = 702F8C6F29044E53006B4DF1 /* HomeRouter.swift */; };
		702F8C7629044E53006B4DF1 /* HomeViewController.swift in Sources */ = {isa = PBXBuildFile; fileRef = 702F8C7029044E53006B4DF1 /* HomeViewController.swift */; };
		702F8C7729044E53006B4DF1 /* HomeProtocols.swift in Sources */ = {isa = PBXBuildFile; fileRef = 702F8C7129044E53006B4DF1 /* HomeProtocols.swift */; };
		702F8C7829044E53006B4DF1 /* HomeInteractor.swift in Sources */ = {isa = PBXBuildFile; fileRef = 702F8C7229044E53006B4DF1 /* HomeInteractor.swift */; };
		702F8C7929044E53006B4DF1 /* HomeContainer.swift in Sources */ = {isa = PBXBuildFile; fileRef = 702F8C7329044E53006B4DF1 /* HomeContainer.swift */; };
		702F8C8129044E97006B4DF1 /* ClothesListPresenter.swift in Sources */ = {isa = PBXBuildFile; fileRef = 702F8C7B29044E97006B4DF1 /* ClothesListPresenter.swift */; };
		702F8C8229044E97006B4DF1 /* ClothesListRouter.swift in Sources */ = {isa = PBXBuildFile; fileRef = 702F8C7C29044E97006B4DF1 /* ClothesListRouter.swift */; };
		702F8C8329044E97006B4DF1 /* ClothesListViewController.swift in Sources */ = {isa = PBXBuildFile; fileRef = 702F8C7D29044E97006B4DF1 /* ClothesListViewController.swift */; };
		702F8C8429044E97006B4DF1 /* ClothesListProtocols.swift in Sources */ = {isa = PBXBuildFile; fileRef = 702F8C7E29044E97006B4DF1 /* ClothesListProtocols.swift */; };
		702F8C8529044E97006B4DF1 /* ClothesListInteractor.swift in Sources */ = {isa = PBXBuildFile; fileRef = 702F8C7F29044E97006B4DF1 /* ClothesListInteractor.swift */; };
		702F8C8629044E97006B4DF1 /* ClothesListContainer.swift in Sources */ = {isa = PBXBuildFile; fileRef = 702F8C8029044E97006B4DF1 /* ClothesListContainer.swift */; };
		702F8C8E29044EC2006B4DF1 /* ProfilePresenter.swift in Sources */ = {isa = PBXBuildFile; fileRef = 702F8C8829044EC2006B4DF1 /* ProfilePresenter.swift */; };
		702F8C8F29044EC2006B4DF1 /* ProfileRouter.swift in Sources */ = {isa = PBXBuildFile; fileRef = 702F8C8929044EC2006B4DF1 /* ProfileRouter.swift */; };
		702F8C9029044EC2006B4DF1 /* ProfileViewController.swift in Sources */ = {isa = PBXBuildFile; fileRef = 702F8C8A29044EC2006B4DF1 /* ProfileViewController.swift */; };
		702F8C9129044EC2006B4DF1 /* ProfileProtocols.swift in Sources */ = {isa = PBXBuildFile; fileRef = 702F8C8B29044EC2006B4DF1 /* ProfileProtocols.swift */; };
		702F8C9229044EC2006B4DF1 /* ProfileInteractor.swift in Sources */ = {isa = PBXBuildFile; fileRef = 702F8C8C29044EC2006B4DF1 /* ProfileInteractor.swift */; };
		702F8C9329044EC2006B4DF1 /* ProfileContainer.swift in Sources */ = {isa = PBXBuildFile; fileRef = 702F8C8D29044EC2006B4DF1 /* ProfileContainer.swift */; };
		702F8C9B29044EFC006B4DF1 /* LooksListPresenter.swift in Sources */ = {isa = PBXBuildFile; fileRef = 702F8C9529044EFC006B4DF1 /* LooksListPresenter.swift */; };
		702F8C9C29044EFC006B4DF1 /* LooksListRouter.swift in Sources */ = {isa = PBXBuildFile; fileRef = 702F8C9629044EFC006B4DF1 /* LooksListRouter.swift */; };
		702F8C9D29044EFC006B4DF1 /* LooksListViewController.swift in Sources */ = {isa = PBXBuildFile; fileRef = 702F8C9729044EFC006B4DF1 /* LooksListViewController.swift */; };
		702F8C9E29044EFC006B4DF1 /* LooksListProtocols.swift in Sources */ = {isa = PBXBuildFile; fileRef = 702F8C9829044EFC006B4DF1 /* LooksListProtocols.swift */; };
		702F8C9F29044EFC006B4DF1 /* LooksListInteractor.swift in Sources */ = {isa = PBXBuildFile; fileRef = 702F8C9929044EFC006B4DF1 /* LooksListInteractor.swift */; };
		702F8CA029044EFC006B4DF1 /* LooksListContainer.swift in Sources */ = {isa = PBXBuildFile; fileRef = 702F8C9A29044EFC006B4DF1 /* LooksListContainer.swift */; };
		702F8CB5290C85FB006B4DF1 /* CalendarFlowLayout.swift in Sources */ = {isa = PBXBuildFile; fileRef = 702F8CAC290C85FA006B4DF1 /* CalendarFlowLayout.swift */; };
		702F8CB6290C85FB006B4DF1 /* CalendarHeaderView.swift in Sources */ = {isa = PBXBuildFile; fileRef = 702F8CAD290C85FA006B4DF1 /* CalendarHeaderView.swift */; };
		702F8CB7290C85FB006B4DF1 /* CalendarView+Extensions.swift in Sources */ = {isa = PBXBuildFile; fileRef = 702F8CAE290C85FA006B4DF1 /* CalendarView+Extensions.swift */; };
		702F8CB8290C85FB006B4DF1 /* CalendarDayCell.swift in Sources */ = {isa = PBXBuildFile; fileRef = 702F8CAF290C85FA006B4DF1 /* CalendarDayCell.swift */; };
		702F8CB9290C85FB006B4DF1 /* CalendarView+Style.swift in Sources */ = {isa = PBXBuildFile; fileRef = 702F8CB0290C85FA006B4DF1 /* CalendarView+Style.swift */; };
		702F8CBA290C85FB006B4DF1 /* CalendarView+Delegate.swift in Sources */ = {isa = PBXBuildFile; fileRef = 702F8CB1290C85FA006B4DF1 /* CalendarView+Delegate.swift */; };
		702F8CBB290C85FB006B4DF1 /* EventsManager.swift in Sources */ = {isa = PBXBuildFile; fileRef = 702F8CB2290C85FA006B4DF1 /* EventsManager.swift */; };
		702F8CBC290C85FB006B4DF1 /* CalendarView+DataSource.swift in Sources */ = {isa = PBXBuildFile; fileRef = 702F8CB3290C85FA006B4DF1 /* CalendarView+DataSource.swift */; };
		702F8CBD290C85FB006B4DF1 /* CalendarView.swift in Sources */ = {isa = PBXBuildFile; fileRef = 702F8CB4290C85FA006B4DF1 /* CalendarView.swift */; };
		702F8CC0290C8C35006B4DF1 /* HomeTableViewCell.swift in Sources */ = {isa = PBXBuildFile; fileRef = 702F8CBF290C8C34006B4DF1 /* HomeTableViewCell.swift */; };
		702F8CC4290C940D006B4DF1 /* VerticalAlignLabel.swift in Sources */ = {isa = PBXBuildFile; fileRef = 702F8CC3290C940D006B4DF1 /* VerticalAlignLabel.swift */; };
		702F8CC8290D2872006B4DF1 /* ImageCache.swift in Sources */ = {isa = PBXBuildFile; fileRef = 702F8CC6290D2872006B4DF1 /* ImageCache.swift */; };
		702F8CC9290D2872006B4DF1 /* ImageLoader.swift in Sources */ = {isa = PBXBuildFile; fileRef = 702F8CC7290D2872006B4DF1 /* ImageLoader.swift */; };
		702F8CCB290D30F1006B4DF1 /* UIView+Extension.swift in Sources */ = {isa = PBXBuildFile; fileRef = 702F8CCA290D30F1006B4DF1 /* UIView+Extension.swift */; };
		702F8CDC290D3AA8006B4DF1 /* Inter-Medium.ttf in Resources */ = {isa = PBXBuildFile; fileRef = 702F8CD0290D3AA8006B4DF1 /* Inter-Medium.ttf */; };
		702F8CDD290D3AA8006B4DF1 /* Inter-Light.ttf in Resources */ = {isa = PBXBuildFile; fileRef = 702F8CD1290D3AA8006B4DF1 /* Inter-Light.ttf */; };
		702F8CDE290D3AA8006B4DF1 /* Inter-Thin.ttf in Resources */ = {isa = PBXBuildFile; fileRef = 702F8CD2290D3AA8006B4DF1 /* Inter-Thin.ttf */; };
		702F8CDF290D3AA8006B4DF1 /* Inter-Bold.ttf in Resources */ = {isa = PBXBuildFile; fileRef = 702F8CD3290D3AA8006B4DF1 /* Inter-Bold.ttf */; };
		702F8CE0290D3AA8006B4DF1 /* Inter-Regular.ttf in Resources */ = {isa = PBXBuildFile; fileRef = 702F8CD4290D3AA8006B4DF1 /* Inter-Regular.ttf */; };
		702F8CE1290D3AA8006B4DF1 /* Inter-ExtraBold.ttf in Resources */ = {isa = PBXBuildFile; fileRef = 702F8CD5290D3AA8006B4DF1 /* Inter-ExtraBold.ttf */; };
		702F8CE2290D3AA8006B4DF1 /* Inter-ExtraLight.ttf in Resources */ = {isa = PBXBuildFile; fileRef = 702F8CD6290D3AA8006B4DF1 /* Inter-ExtraLight.ttf */; };
		702F8CE3290D3AA8006B4DF1 /* Inter-Black.ttf in Resources */ = {isa = PBXBuildFile; fileRef = 702F8CD7290D3AA8006B4DF1 /* Inter-Black.ttf */; };
		702F8CE4290D3AA8006B4DF1 /* Inter-SemiBold.ttf in Resources */ = {isa = PBXBuildFile; fileRef = 702F8CD8290D3AA8006B4DF1 /* Inter-SemiBold.ttf */; };
		702F8CE9290D3B0A006B4DF1 /* Fonts.swift in Sources */ = {isa = PBXBuildFile; fileRef = 702F8CE8290D3B0A006B4DF1 /* Fonts.swift */; };
		702F8CEC290D404A006B4DF1 /* HomeSection.swift in Sources */ = {isa = PBXBuildFile; fileRef = 702F8CEB290D404A006B4DF1 /* HomeSection.swift */; };
		70618C9C28FF31E300054A78 /* AppDelegate.swift in Sources */ = {isa = PBXBuildFile; fileRef = 70618C9B28FF31E300054A78 /* AppDelegate.swift */; };
		70618C9E28FF31E300054A78 /* SceneDelegate.swift in Sources */ = {isa = PBXBuildFile; fileRef = 70618C9D28FF31E300054A78 /* SceneDelegate.swift */; };
		70618CA528FF31E800054A78 /* Assets.xcassets in Resources */ = {isa = PBXBuildFile; fileRef = 70618CA428FF31E800054A78 /* Assets.xcassets */; };
		70618CA828FF31E800054A78 /* LaunchScreen.storyboard in Resources */ = {isa = PBXBuildFile; fileRef = 70618CA628FF31E800054A78 /* LaunchScreen.storyboard */; };
		70618CB328FF31E900054A78 /* GPSStyleTests.swift in Sources */ = {isa = PBXBuildFile; fileRef = 70618CB228FF31E900054A78 /* GPSStyleTests.swift */; };
		70618CBD28FF31E900054A78 /* GPSStyleUITests.swift in Sources */ = {isa = PBXBuildFile; fileRef = 70618CBC28FF31E900054A78 /* GPSStyleUITests.swift */; };
		70618CBF28FF31E900054A78 /* GPSStyleUITestsLaunchTests.swift in Sources */ = {isa = PBXBuildFile; fileRef = 70618CBE28FF31E900054A78 /* GPSStyleUITestsLaunchTests.swift */; };
		70F052AB2910539E0074EDE5 /* Spinner.swift in Sources */ = {isa = PBXBuildFile; fileRef = 70F052AA2910539E0074EDE5 /* Spinner.swift */; };
		70F052AD29116D3C0074EDE5 /* HomeState.swift in Sources */ = {isa = PBXBuildFile; fileRef = 70F052AC29116D3C0074EDE5 /* HomeState.swift */; };
		77120E79C9CE1C14F604AB82 /* Pods_GPSStyle_GPSStyleUITests.framework in Frameworks */ = {isa = PBXBuildFile; fileRef = 9DB50EC33BFD932CBA8E2D83 /* Pods_GPSStyle_GPSStyleUITests.framework */; };
		C32BBFF21AEB4B5BFFA68F88 /* Pods_GPSStyle.framework in Frameworks */ = {isa = PBXBuildFile; fileRef = 15EC9988C8C08A9F86895CB7 /* Pods_GPSStyle.framework */; };
		DCA223162919937E005D71C8 /* WelcomeViewController.swift in Sources */ = {isa = PBXBuildFile; fileRef = DCA223152919937E005D71C8 /* WelcomeViewController.swift */; };
		DCA2231829199391005D71C8 /* CreateAccountViewController.swift in Sources */ = {isa = PBXBuildFile; fileRef = DCA2231729199391005D71C8 /* CreateAccountViewController.swift */; };
		DCA2231A291993A4005D71C8 /* LoginViewController.swift in Sources */ = {isa = PBXBuildFile; fileRef = DCA22319291993A3005D71C8 /* LoginViewController.swift */; };
		DCDDBA3F2905585C00209C6B /* GoogleService-Info.plist in Resources */ = {isa = PBXBuildFile; fileRef = DCDDBA3E2905585C00209C6B /* GoogleService-Info.plist */; };
		F5415CA3290D28590099C278 /* ClothesCreatePresenter.swift in Sources */ = {isa = PBXBuildFile; fileRef = F5415CA2290D28590099C278 /* ClothesCreatePresenter.swift */; };
		F5415CA5290D28D10099C278 /* ClothesCreateRouter.swift in Sources */ = {isa = PBXBuildFile; fileRef = F5415CA4290D28D10099C278 /* ClothesCreateRouter.swift */; };
		F5415CA7290D290B0099C278 /* ClothesCreateViewController.swift in Sources */ = {isa = PBXBuildFile; fileRef = F5415CA6290D290B0099C278 /* ClothesCreateViewController.swift */; };
		F5415CA9290D297C0099C278 /* ClothesCreateProtocols.swift in Sources */ = {isa = PBXBuildFile; fileRef = F5415CA8290D297C0099C278 /* ClothesCreateProtocols.swift */; };
		F5415CAB290D29C30099C278 /* ClothesCreateInteractor.swift in Sources */ = {isa = PBXBuildFile; fileRef = F5415CAA290D29C30099C278 /* ClothesCreateInteractor.swift */; };
		F5415CAD290D29E40099C278 /* ClothesCreateContainer.swift in Sources */ = {isa = PBXBuildFile; fileRef = F5415CAC290D29E40099C278 /* ClothesCreateContainer.swift */; };
/* End PBXBuildFile section */

/* Begin PBXContainerItemProxy section */
		70618CAF28FF31E900054A78 /* PBXContainerItemProxy */ = {
			isa = PBXContainerItemProxy;
			containerPortal = 70618C9028FF31E300054A78 /* Project object */;
			proxyType = 1;
			remoteGlobalIDString = 70618C9728FF31E300054A78;
			remoteInfo = GPSStyle;
		};
		70618CB928FF31E900054A78 /* PBXContainerItemProxy */ = {
			isa = PBXContainerItemProxy;
			containerPortal = 70618C9028FF31E300054A78 /* Project object */;
			proxyType = 1;
			remoteGlobalIDString = 70618C9728FF31E300054A78;
			remoteInfo = GPSStyle;
		};
/* End PBXContainerItemProxy section */

/* Begin PBXFileReference section */
		13242142B07C9908B209D70B /* Pods_GPSStyleTests.framework */ = {isa = PBXFileReference; explicitFileType = wrapper.framework; includeInIndex = 0; path = Pods_GPSStyleTests.framework; sourceTree = BUILT_PRODUCTS_DIR; };
		15EC9988C8C08A9F86895CB7 /* Pods_GPSStyle.framework */ = {isa = PBXFileReference; explicitFileType = wrapper.framework; includeInIndex = 0; path = Pods_GPSStyle.framework; sourceTree = BUILT_PRODUCTS_DIR; };
		30CAADC0196775665A4A8EA9 /* Pods-GPSStyleTests.debug.xcconfig */ = {isa = PBXFileReference; includeInIndex = 1; lastKnownFileType = text.xcconfig; name = "Pods-GPSStyleTests.debug.xcconfig"; path = "Target Support Files/Pods-GPSStyleTests/Pods-GPSStyleTests.debug.xcconfig"; sourceTree = "<group>"; };
		476F182ED4AB7CEC2F5FF946 /* Pods-GPSStyle.release.xcconfig */ = {isa = PBXFileReference; includeInIndex = 1; lastKnownFileType = text.xcconfig; name = "Pods-GPSStyle.release.xcconfig"; path = "Target Support Files/Pods-GPSStyle/Pods-GPSStyle.release.xcconfig"; sourceTree = "<group>"; };
		621ED99DA5CC9464462682CE /* Pods-GPSStyle.debug.xcconfig */ = {isa = PBXFileReference; includeInIndex = 1; lastKnownFileType = text.xcconfig; name = "Pods-GPSStyle.debug.xcconfig"; path = "Target Support Files/Pods-GPSStyle/Pods-GPSStyle.debug.xcconfig"; sourceTree = "<group>"; };
		623CDAEEBDEA4DB8B1ACEDF8 /* Pods-GPSStyle-GPSStyleUITests.release.xcconfig */ = {isa = PBXFileReference; includeInIndex = 1; lastKnownFileType = text.xcconfig; name = "Pods-GPSStyle-GPSStyleUITests.release.xcconfig"; path = "Target Support Files/Pods-GPSStyle-GPSStyleUITests/Pods-GPSStyle-GPSStyleUITests.release.xcconfig"; sourceTree = "<group>"; };
		702F8C4129042B29006B4DF1 /* MainTabBarController.swift */ = {isa = PBXFileReference; fileEncoding = 4; lastKnownFileType = sourcecode.swift; path = MainTabBarController.swift; sourceTree = "<group>"; };
		702F8C4429042C8A006B4DF1 /* swiftgen.yml */ = {isa = PBXFileReference; lastKnownFileType = text.yaml; path = swiftgen.yml; sourceTree = "<group>"; };
		702F8C4B29042F45006B4DF1 /* Strings.swift */ = {isa = PBXFileReference; fileEncoding = 4; lastKnownFileType = sourcecode.swift; path = Strings.swift; sourceTree = "<group>"; };
		702F8C5E2904322D006B4DF1 /* en */ = {isa = PBXFileReference; lastKnownFileType = text.plist.strings; name = en; path = en.lproj/en.strings; sourceTree = "<group>"; };
		702F8C612904324D006B4DF1 /* ru */ = {isa = PBXFileReference; lastKnownFileType = text.plist.strings; name = ru; path = ru.lproj/ru.strings; sourceTree = "<group>"; };
		702F8C64290434D4006B4DF1 /* colors.txt */ = {isa = PBXFileReference; lastKnownFileType = text; path = colors.txt; sourceTree = "<group>"; };
		702F8C662904355D006B4DF1 /* Colors.swift */ = {isa = PBXFileReference; fileEncoding = 4; lastKnownFileType = sourcecode.swift; path = Colors.swift; sourceTree = "<group>"; };
		702F8C6829043CA7006B4DF1 /* TabBarModel.swift */ = {isa = PBXFileReference; lastKnownFileType = sourcecode.swift; path = TabBarModel.swift; sourceTree = "<group>"; };
		702F8C6B290441B3006B4DF1 /* Assets.swift */ = {isa = PBXFileReference; fileEncoding = 4; lastKnownFileType = sourcecode.swift; path = Assets.swift; sourceTree = "<group>"; };
		702F8C6E29044E53006B4DF1 /* HomePresenter.swift */ = {isa = PBXFileReference; lastKnownFileType = sourcecode.swift; path = HomePresenter.swift; sourceTree = "<group>"; };
		702F8C6F29044E53006B4DF1 /* HomeRouter.swift */ = {isa = PBXFileReference; lastKnownFileType = sourcecode.swift; path = HomeRouter.swift; sourceTree = "<group>"; };
		702F8C7029044E53006B4DF1 /* HomeViewController.swift */ = {isa = PBXFileReference; lastKnownFileType = sourcecode.swift; path = HomeViewController.swift; sourceTree = "<group>"; };
		702F8C7129044E53006B4DF1 /* HomeProtocols.swift */ = {isa = PBXFileReference; lastKnownFileType = sourcecode.swift; path = HomeProtocols.swift; sourceTree = "<group>"; };
		702F8C7229044E53006B4DF1 /* HomeInteractor.swift */ = {isa = PBXFileReference; lastKnownFileType = sourcecode.swift; path = HomeInteractor.swift; sourceTree = "<group>"; };
		702F8C7329044E53006B4DF1 /* HomeContainer.swift */ = {isa = PBXFileReference; lastKnownFileType = sourcecode.swift; path = HomeContainer.swift; sourceTree = "<group>"; };
		702F8C7B29044E97006B4DF1 /* ClothesListPresenter.swift */ = {isa = PBXFileReference; lastKnownFileType = sourcecode.swift; path = ClothesListPresenter.swift; sourceTree = "<group>"; };
		702F8C7C29044E97006B4DF1 /* ClothesListRouter.swift */ = {isa = PBXFileReference; lastKnownFileType = sourcecode.swift; path = ClothesListRouter.swift; sourceTree = "<group>"; };
		702F8C7D29044E97006B4DF1 /* ClothesListViewController.swift */ = {isa = PBXFileReference; lastKnownFileType = sourcecode.swift; path = ClothesListViewController.swift; sourceTree = "<group>"; };
		702F8C7E29044E97006B4DF1 /* ClothesListProtocols.swift */ = {isa = PBXFileReference; lastKnownFileType = sourcecode.swift; path = ClothesListProtocols.swift; sourceTree = "<group>"; };
		702F8C7F29044E97006B4DF1 /* ClothesListInteractor.swift */ = {isa = PBXFileReference; lastKnownFileType = sourcecode.swift; path = ClothesListInteractor.swift; sourceTree = "<group>"; };
		702F8C8029044E97006B4DF1 /* ClothesListContainer.swift */ = {isa = PBXFileReference; lastKnownFileType = sourcecode.swift; path = ClothesListContainer.swift; sourceTree = "<group>"; };
		702F8C8829044EC2006B4DF1 /* ProfilePresenter.swift */ = {isa = PBXFileReference; lastKnownFileType = sourcecode.swift; path = ProfilePresenter.swift; sourceTree = "<group>"; };
		702F8C8929044EC2006B4DF1 /* ProfileRouter.swift */ = {isa = PBXFileReference; lastKnownFileType = sourcecode.swift; path = ProfileRouter.swift; sourceTree = "<group>"; };
		702F8C8A29044EC2006B4DF1 /* ProfileViewController.swift */ = {isa = PBXFileReference; lastKnownFileType = sourcecode.swift; path = ProfileViewController.swift; sourceTree = "<group>"; };
		702F8C8B29044EC2006B4DF1 /* ProfileProtocols.swift */ = {isa = PBXFileReference; lastKnownFileType = sourcecode.swift; path = ProfileProtocols.swift; sourceTree = "<group>"; };
		702F8C8C29044EC2006B4DF1 /* ProfileInteractor.swift */ = {isa = PBXFileReference; lastKnownFileType = sourcecode.swift; path = ProfileInteractor.swift; sourceTree = "<group>"; };
		702F8C8D29044EC2006B4DF1 /* ProfileContainer.swift */ = {isa = PBXFileReference; lastKnownFileType = sourcecode.swift; path = ProfileContainer.swift; sourceTree = "<group>"; };
		702F8C9529044EFC006B4DF1 /* LooksListPresenter.swift */ = {isa = PBXFileReference; lastKnownFileType = sourcecode.swift; path = LooksListPresenter.swift; sourceTree = "<group>"; };
		702F8C9629044EFC006B4DF1 /* LooksListRouter.swift */ = {isa = PBXFileReference; lastKnownFileType = sourcecode.swift; path = LooksListRouter.swift; sourceTree = "<group>"; };
		702F8C9729044EFC006B4DF1 /* LooksListViewController.swift */ = {isa = PBXFileReference; lastKnownFileType = sourcecode.swift; path = LooksListViewController.swift; sourceTree = "<group>"; };
		702F8C9829044EFC006B4DF1 /* LooksListProtocols.swift */ = {isa = PBXFileReference; lastKnownFileType = sourcecode.swift; path = LooksListProtocols.swift; sourceTree = "<group>"; };
		702F8C9929044EFC006B4DF1 /* LooksListInteractor.swift */ = {isa = PBXFileReference; lastKnownFileType = sourcecode.swift; path = LooksListInteractor.swift; sourceTree = "<group>"; };
		702F8C9A29044EFC006B4DF1 /* LooksListContainer.swift */ = {isa = PBXFileReference; lastKnownFileType = sourcecode.swift; path = LooksListContainer.swift; sourceTree = "<group>"; };
		702F8CAC290C85FA006B4DF1 /* CalendarFlowLayout.swift */ = {isa = PBXFileReference; fileEncoding = 4; lastKnownFileType = sourcecode.swift; path = CalendarFlowLayout.swift; sourceTree = "<group>"; };
		702F8CAD290C85FA006B4DF1 /* CalendarHeaderView.swift */ = {isa = PBXFileReference; fileEncoding = 4; lastKnownFileType = sourcecode.swift; path = CalendarHeaderView.swift; sourceTree = "<group>"; };
		702F8CAE290C85FA006B4DF1 /* CalendarView+Extensions.swift */ = {isa = PBXFileReference; fileEncoding = 4; lastKnownFileType = sourcecode.swift; path = "CalendarView+Extensions.swift"; sourceTree = "<group>"; };
		702F8CAF290C85FA006B4DF1 /* CalendarDayCell.swift */ = {isa = PBXFileReference; fileEncoding = 4; lastKnownFileType = sourcecode.swift; path = CalendarDayCell.swift; sourceTree = "<group>"; };
		702F8CB0290C85FA006B4DF1 /* CalendarView+Style.swift */ = {isa = PBXFileReference; fileEncoding = 4; lastKnownFileType = sourcecode.swift; path = "CalendarView+Style.swift"; sourceTree = "<group>"; };
		702F8CB1290C85FA006B4DF1 /* CalendarView+Delegate.swift */ = {isa = PBXFileReference; fileEncoding = 4; lastKnownFileType = sourcecode.swift; path = "CalendarView+Delegate.swift"; sourceTree = "<group>"; };
		702F8CB2290C85FA006B4DF1 /* EventsManager.swift */ = {isa = PBXFileReference; fileEncoding = 4; lastKnownFileType = sourcecode.swift; path = EventsManager.swift; sourceTree = "<group>"; };
		702F8CB3290C85FA006B4DF1 /* CalendarView+DataSource.swift */ = {isa = PBXFileReference; fileEncoding = 4; lastKnownFileType = sourcecode.swift; path = "CalendarView+DataSource.swift"; sourceTree = "<group>"; };
		702F8CB4290C85FA006B4DF1 /* CalendarView.swift */ = {isa = PBXFileReference; fileEncoding = 4; lastKnownFileType = sourcecode.swift; path = CalendarView.swift; sourceTree = "<group>"; };
		702F8CBF290C8C34006B4DF1 /* HomeTableViewCell.swift */ = {isa = PBXFileReference; lastKnownFileType = sourcecode.swift; path = HomeTableViewCell.swift; sourceTree = "<group>"; };
		702F8CC3290C940D006B4DF1 /* VerticalAlignLabel.swift */ = {isa = PBXFileReference; lastKnownFileType = sourcecode.swift; path = VerticalAlignLabel.swift; sourceTree = "<group>"; };
		702F8CC6290D2872006B4DF1 /* ImageCache.swift */ = {isa = PBXFileReference; fileEncoding = 4; lastKnownFileType = sourcecode.swift; path = ImageCache.swift; sourceTree = "<group>"; };
		702F8CC7290D2872006B4DF1 /* ImageLoader.swift */ = {isa = PBXFileReference; fileEncoding = 4; lastKnownFileType = sourcecode.swift; path = ImageLoader.swift; sourceTree = "<group>"; };
		702F8CCA290D30F1006B4DF1 /* UIView+Extension.swift */ = {isa = PBXFileReference; lastKnownFileType = sourcecode.swift; path = "UIView+Extension.swift"; sourceTree = "<group>"; };
		702F8CD0290D3AA8006B4DF1 /* Inter-Medium.ttf */ = {isa = PBXFileReference; lastKnownFileType = file; path = "Inter-Medium.ttf"; sourceTree = "<group>"; };
		702F8CD1290D3AA8006B4DF1 /* Inter-Light.ttf */ = {isa = PBXFileReference; lastKnownFileType = file; path = "Inter-Light.ttf"; sourceTree = "<group>"; };
		702F8CD2290D3AA8006B4DF1 /* Inter-Thin.ttf */ = {isa = PBXFileReference; lastKnownFileType = file; path = "Inter-Thin.ttf"; sourceTree = "<group>"; };
		702F8CD3290D3AA8006B4DF1 /* Inter-Bold.ttf */ = {isa = PBXFileReference; lastKnownFileType = file; path = "Inter-Bold.ttf"; sourceTree = "<group>"; };
		702F8CD4290D3AA8006B4DF1 /* Inter-Regular.ttf */ = {isa = PBXFileReference; lastKnownFileType = file; path = "Inter-Regular.ttf"; sourceTree = "<group>"; };
		702F8CD5290D3AA8006B4DF1 /* Inter-ExtraBold.ttf */ = {isa = PBXFileReference; lastKnownFileType = file; path = "Inter-ExtraBold.ttf"; sourceTree = "<group>"; };
		702F8CD6290D3AA8006B4DF1 /* Inter-ExtraLight.ttf */ = {isa = PBXFileReference; lastKnownFileType = file; path = "Inter-ExtraLight.ttf"; sourceTree = "<group>"; };
		702F8CD7290D3AA8006B4DF1 /* Inter-Black.ttf */ = {isa = PBXFileReference; lastKnownFileType = file; path = "Inter-Black.ttf"; sourceTree = "<group>"; };
		702F8CD8290D3AA8006B4DF1 /* Inter-SemiBold.ttf */ = {isa = PBXFileReference; lastKnownFileType = file; path = "Inter-SemiBold.ttf"; sourceTree = "<group>"; };
		702F8CE8290D3B0A006B4DF1 /* Fonts.swift */ = {isa = PBXFileReference; fileEncoding = 4; lastKnownFileType = sourcecode.swift; path = Fonts.swift; sourceTree = "<group>"; };
		702F8CEB290D404A006B4DF1 /* HomeSection.swift */ = {isa = PBXFileReference; lastKnownFileType = sourcecode.swift; path = HomeSection.swift; sourceTree = "<group>"; };
		70618C9828FF31E300054A78 /* GPSStyle.app */ = {isa = PBXFileReference; explicitFileType = wrapper.application; includeInIndex = 0; path = GPSStyle.app; sourceTree = BUILT_PRODUCTS_DIR; };
		70618C9B28FF31E300054A78 /* AppDelegate.swift */ = {isa = PBXFileReference; lastKnownFileType = sourcecode.swift; path = AppDelegate.swift; sourceTree = "<group>"; };
		70618C9D28FF31E300054A78 /* SceneDelegate.swift */ = {isa = PBXFileReference; lastKnownFileType = sourcecode.swift; path = SceneDelegate.swift; sourceTree = "<group>"; };
		70618CA428FF31E800054A78 /* Assets.xcassets */ = {isa = PBXFileReference; lastKnownFileType = folder.assetcatalog; path = Assets.xcassets; sourceTree = "<group>"; };
		70618CA728FF31E800054A78 /* Base */ = {isa = PBXFileReference; lastKnownFileType = file.storyboard; name = Base; path = Base.lproj/LaunchScreen.storyboard; sourceTree = "<group>"; };
		70618CA928FF31E800054A78 /* Info.plist */ = {isa = PBXFileReference; lastKnownFileType = text.plist.xml; path = Info.plist; sourceTree = "<group>"; };
		70618CAE28FF31E900054A78 /* GPSStyleTests.xctest */ = {isa = PBXFileReference; explicitFileType = wrapper.cfbundle; includeInIndex = 0; path = GPSStyleTests.xctest; sourceTree = BUILT_PRODUCTS_DIR; };
		70618CB228FF31E900054A78 /* GPSStyleTests.swift */ = {isa = PBXFileReference; lastKnownFileType = sourcecode.swift; path = GPSStyleTests.swift; sourceTree = "<group>"; };
		70618CB828FF31E900054A78 /* GPSStyleUITests.xctest */ = {isa = PBXFileReference; explicitFileType = wrapper.cfbundle; includeInIndex = 0; path = GPSStyleUITests.xctest; sourceTree = BUILT_PRODUCTS_DIR; };
		70618CBC28FF31E900054A78 /* GPSStyleUITests.swift */ = {isa = PBXFileReference; lastKnownFileType = sourcecode.swift; path = GPSStyleUITests.swift; sourceTree = "<group>"; };
		70618CBE28FF31E900054A78 /* GPSStyleUITestsLaunchTests.swift */ = {isa = PBXFileReference; lastKnownFileType = sourcecode.swift; path = GPSStyleUITestsLaunchTests.swift; sourceTree = "<group>"; };
		70F052AA2910539E0074EDE5 /* Spinner.swift */ = {isa = PBXFileReference; lastKnownFileType = sourcecode.swift; path = Spinner.swift; sourceTree = "<group>"; };
		70F052AC29116D3C0074EDE5 /* HomeState.swift */ = {isa = PBXFileReference; lastKnownFileType = sourcecode.swift; path = HomeState.swift; sourceTree = "<group>"; };
		8470EF11AC9981E312CD4064 /* Pods-GPSStyle-GPSStyleUITests.debug.xcconfig */ = {isa = PBXFileReference; includeInIndex = 1; lastKnownFileType = text.xcconfig; name = "Pods-GPSStyle-GPSStyleUITests.debug.xcconfig"; path = "Target Support Files/Pods-GPSStyle-GPSStyleUITests/Pods-GPSStyle-GPSStyleUITests.debug.xcconfig"; sourceTree = "<group>"; };
		9DB50EC33BFD932CBA8E2D83 /* Pods_GPSStyle_GPSStyleUITests.framework */ = {isa = PBXFileReference; explicitFileType = wrapper.framework; includeInIndex = 0; path = Pods_GPSStyle_GPSStyleUITests.framework; sourceTree = BUILT_PRODUCTS_DIR; };
		DCA223152919937E005D71C8 /* WelcomeViewController.swift */ = {isa = PBXFileReference; lastKnownFileType = sourcecode.swift; path = WelcomeViewController.swift; sourceTree = "<group>"; };
		DCA2231729199391005D71C8 /* CreateAccountViewController.swift */ = {isa = PBXFileReference; lastKnownFileType = sourcecode.swift; path = CreateAccountViewController.swift; sourceTree = "<group>"; };
		DCA22319291993A3005D71C8 /* LoginViewController.swift */ = {isa = PBXFileReference; lastKnownFileType = sourcecode.swift; path = LoginViewController.swift; sourceTree = "<group>"; };
		DCDDBA3E2905585C00209C6B /* GoogleService-Info.plist */ = {isa = PBXFileReference; fileEncoding = 4; lastKnownFileType = text.plist.xml; path = "GoogleService-Info.plist"; sourceTree = "<group>"; };
		DF47B501C23C104C059933F8 /* Pods-GPSStyleTests.release.xcconfig */ = {isa = PBXFileReference; includeInIndex = 1; lastKnownFileType = text.xcconfig; name = "Pods-GPSStyleTests.release.xcconfig"; path = "Target Support Files/Pods-GPSStyleTests/Pods-GPSStyleTests.release.xcconfig"; sourceTree = "<group>"; };
		F5415CA2290D28590099C278 /* ClothesCreatePresenter.swift */ = {isa = PBXFileReference; lastKnownFileType = sourcecode.swift; path = ClothesCreatePresenter.swift; sourceTree = "<group>"; };
		F5415CA4290D28D10099C278 /* ClothesCreateRouter.swift */ = {isa = PBXFileReference; lastKnownFileType = sourcecode.swift; path = ClothesCreateRouter.swift; sourceTree = "<group>"; };
		F5415CA6290D290B0099C278 /* ClothesCreateViewController.swift */ = {isa = PBXFileReference; lastKnownFileType = sourcecode.swift; path = ClothesCreateViewController.swift; sourceTree = "<group>"; };
		F5415CA8290D297C0099C278 /* ClothesCreateProtocols.swift */ = {isa = PBXFileReference; lastKnownFileType = sourcecode.swift; path = ClothesCreateProtocols.swift; sourceTree = "<group>"; };
		F5415CAA290D29C30099C278 /* ClothesCreateInteractor.swift */ = {isa = PBXFileReference; lastKnownFileType = sourcecode.swift; path = ClothesCreateInteractor.swift; sourceTree = "<group>"; };
		F5415CAC290D29E40099C278 /* ClothesCreateContainer.swift */ = {isa = PBXFileReference; lastKnownFileType = sourcecode.swift; path = ClothesCreateContainer.swift; sourceTree = "<group>"; };
/* End PBXFileReference section */

/* Begin PBXFrameworksBuildPhase section */
		70618C9528FF31E300054A78 /* Frameworks */ = {
			isa = PBXFrameworksBuildPhase;
			buildActionMask = 2147483647;
			files = (
				C32BBFF21AEB4B5BFFA68F88 /* Pods_GPSStyle.framework in Frameworks */,
			);
			runOnlyForDeploymentPostprocessing = 0;
		};
		70618CAB28FF31E900054A78 /* Frameworks */ = {
			isa = PBXFrameworksBuildPhase;
			buildActionMask = 2147483647;
			files = (
				0457E6C18D1F9E86DD470F71 /* Pods_GPSStyleTests.framework in Frameworks */,
			);
			runOnlyForDeploymentPostprocessing = 0;
		};
		70618CB528FF31E900054A78 /* Frameworks */ = {
			isa = PBXFrameworksBuildPhase;
			buildActionMask = 2147483647;
			files = (
				77120E79C9CE1C14F604AB82 /* Pods_GPSStyle_GPSStyleUITests.framework in Frameworks */,
			);
			runOnlyForDeploymentPostprocessing = 0;
		};
/* End PBXFrameworksBuildPhase section */

/* Begin PBXGroup section */
		22043178CBC5D5FE1DBC0E3D /* Pods */ = {
			isa = PBXGroup;
			children = (
				621ED99DA5CC9464462682CE /* Pods-GPSStyle.debug.xcconfig */,
				476F182ED4AB7CEC2F5FF946 /* Pods-GPSStyle.release.xcconfig */,
				8470EF11AC9981E312CD4064 /* Pods-GPSStyle-GPSStyleUITests.debug.xcconfig */,
				623CDAEEBDEA4DB8B1ACEDF8 /* Pods-GPSStyle-GPSStyleUITests.release.xcconfig */,
				30CAADC0196775665A4A8EA9 /* Pods-GPSStyleTests.debug.xcconfig */,
				DF47B501C23C104C059933F8 /* Pods-GPSStyleTests.release.xcconfig */,
			);
			path = Pods;
			sourceTree = "<group>";
		};
		702F8C3F29042AC9006B4DF1 /* Source */ = {
			isa = PBXGroup;
			children = (
				DCA2231429199345005D71C8 /* Welcome */,
				DCA223132919931B005D71C8 /* CreateAccount */,
				DCA223122919930A005D71C8 /* Login */,
				702F8CE7290D3ADE006B4DF1 /* Fonts */,
				702F8CC5290D2860006B4DF1 /* Utilities */,
				702F8CC1290C93FA006B4DF1 /* UI */,
				F5415C9F290D259E0099C278 /* ClothesCreate */,
				702F8C9429044ECB006B4DF1 /* LooksList */,
				702F8C8729044EB2006B4DF1 /* Profile */,
				702F8C7A29044E69006B4DF1 /* ClothesList */,
				702F8C6D29044E45006B4DF1 /* Home */,
				702F8C6A290441A0006B4DF1 /* Assets */,
				702F8C6529043530006B4DF1 /* Colors */,
				702F8C4329042B50006B4DF1 /* L10n */,
				702F8C4029042AD4006B4DF1 /* MainTabBar */,
				70618C9B28FF31E300054A78 /* AppDelegate.swift */,
				70618C9D28FF31E300054A78 /* SceneDelegate.swift */,
			);
			path = Source;
			sourceTree = "<group>";
		};
		702F8C4029042AD4006B4DF1 /* MainTabBar */ = {
			isa = PBXGroup;
			children = (
				702F8C4129042B29006B4DF1 /* MainTabBarController.swift */,
				702F8C6829043CA7006B4DF1 /* TabBarModel.swift */,
			);
			path = MainTabBar;
			sourceTree = "<group>";
		};
		702F8C4329042B50006B4DF1 /* L10n */ = {
			isa = PBXGroup;
			children = (
				702F8C5F2904322D006B4DF1 /* en.strings */,
				702F8C622904324D006B4DF1 /* ru.strings */,
				702F8C4B29042F45006B4DF1 /* Strings.swift */,
			);
			path = L10n;
			sourceTree = "<group>";
		};
		702F8C632904348C006B4DF1 /* Resources */ = {
			isa = PBXGroup;
			children = (
				702F8CCC290D3A99006B4DF1 /* font */,
				70618CA428FF31E800054A78 /* Assets.xcassets */,
				70618CA628FF31E800054A78 /* LaunchScreen.storyboard */,
				702F8C64290434D4006B4DF1 /* colors.txt */,
			);
			path = Resources;
			sourceTree = "<group>";
		};
		702F8C6529043530006B4DF1 /* Colors */ = {
			isa = PBXGroup;
			children = (
				702F8C662904355D006B4DF1 /* Colors.swift */,
			);
			path = Colors;
			sourceTree = "<group>";
		};
		702F8C6A290441A0006B4DF1 /* Assets */ = {
			isa = PBXGroup;
			children = (
				702F8C6B290441B3006B4DF1 /* Assets.swift */,
			);
			path = Assets;
			sourceTree = "<group>";
		};
		702F8C6D29044E45006B4DF1 /* Home */ = {
			isa = PBXGroup;
			children = (
				702F8CEA290D4035006B4DF1 /* Entity */,
				702F8CBE290C8C0C006B4DF1 /* Subviews */,
				702F8C6E29044E53006B4DF1 /* HomePresenter.swift */,
				702F8C6F29044E53006B4DF1 /* HomeRouter.swift */,
				702F8C7029044E53006B4DF1 /* HomeViewController.swift */,
				702F8C7129044E53006B4DF1 /* HomeProtocols.swift */,
				702F8C7229044E53006B4DF1 /* HomeInteractor.swift */,
				702F8C7329044E53006B4DF1 /* HomeContainer.swift */,
				70F052AC29116D3C0074EDE5 /* HomeState.swift */,
			);
			path = Home;
			sourceTree = "<group>";
		};
		702F8C7A29044E69006B4DF1 /* ClothesList */ = {
			isa = PBXGroup;
			children = (
				702F8C7B29044E97006B4DF1 /* ClothesListPresenter.swift */,
				702F8C7C29044E97006B4DF1 /* ClothesListRouter.swift */,
				702F8C7D29044E97006B4DF1 /* ClothesListViewController.swift */,
				702F8C7E29044E97006B4DF1 /* ClothesListProtocols.swift */,
				702F8C7F29044E97006B4DF1 /* ClothesListInteractor.swift */,
				702F8C8029044E97006B4DF1 /* ClothesListContainer.swift */,
			);
			path = ClothesList;
			sourceTree = "<group>";
		};
		702F8C8729044EB2006B4DF1 /* Profile */ = {
			isa = PBXGroup;
			children = (
				702F8C8829044EC2006B4DF1 /* ProfilePresenter.swift */,
				702F8C8929044EC2006B4DF1 /* ProfileRouter.swift */,
				702F8C8A29044EC2006B4DF1 /* ProfileViewController.swift */,
				702F8C8B29044EC2006B4DF1 /* ProfileProtocols.swift */,
				702F8C8C29044EC2006B4DF1 /* ProfileInteractor.swift */,
				702F8C8D29044EC2006B4DF1 /* ProfileContainer.swift */,
			);
			path = Profile;
			sourceTree = "<group>";
		};
		702F8C9429044ECB006B4DF1 /* LooksList */ = {
			isa = PBXGroup;
			children = (
				702F8C9529044EFC006B4DF1 /* LooksListPresenter.swift */,
				702F8C9629044EFC006B4DF1 /* LooksListRouter.swift */,
				702F8C9729044EFC006B4DF1 /* LooksListViewController.swift */,
				702F8C9829044EFC006B4DF1 /* LooksListProtocols.swift */,
				702F8C9929044EFC006B4DF1 /* LooksListInteractor.swift */,
				702F8C9A29044EFC006B4DF1 /* LooksListContainer.swift */,
			);
			path = LooksList;
			sourceTree = "<group>";
		};
		702F8CAB290C85FA006B4DF1 /* Calendar */ = {
			isa = PBXGroup;
			children = (
				702F8CAC290C85FA006B4DF1 /* CalendarFlowLayout.swift */,
				702F8CAD290C85FA006B4DF1 /* CalendarHeaderView.swift */,
				702F8CAE290C85FA006B4DF1 /* CalendarView+Extensions.swift */,
				702F8CAF290C85FA006B4DF1 /* CalendarDayCell.swift */,
				702F8CB0290C85FA006B4DF1 /* CalendarView+Style.swift */,
				702F8CB1290C85FA006B4DF1 /* CalendarView+Delegate.swift */,
				702F8CB2290C85FA006B4DF1 /* EventsManager.swift */,
				702F8CB3290C85FA006B4DF1 /* CalendarView+DataSource.swift */,
				702F8CB4290C85FA006B4DF1 /* CalendarView.swift */,
			);
			path = Calendar;
			sourceTree = "<group>";
		};
		702F8CBE290C8C0C006B4DF1 /* Subviews */ = {
			isa = PBXGroup;
			children = (
				702F8CBF290C8C34006B4DF1 /* HomeTableViewCell.swift */,
			);
			path = Subviews;
			sourceTree = "<group>";
		};
		702F8CC1290C93FA006B4DF1 /* UI */ = {
			isa = PBXGroup;
			children = (
				70F052A92910537B0074EDE5 /* Spinner */,
				702F8CC2290C9401006B4DF1 /* VerticalAlignLabel */,
				702F8CAB290C85FA006B4DF1 /* Calendar */,
			);
			path = UI;
			sourceTree = "<group>";
		};
		702F8CC2290C9401006B4DF1 /* VerticalAlignLabel */ = {
			isa = PBXGroup;
			children = (
				702F8CC3290C940D006B4DF1 /* VerticalAlignLabel.swift */,
			);
			path = VerticalAlignLabel;
			sourceTree = "<group>";
		};
		702F8CC5290D2860006B4DF1 /* Utilities */ = {
			isa = PBXGroup;
			children = (
				702F8CC6290D2872006B4DF1 /* ImageCache.swift */,
				702F8CC7290D2872006B4DF1 /* ImageLoader.swift */,
				702F8CCA290D30F1006B4DF1 /* UIView+Extension.swift */,
			);
			path = Utilities;
			sourceTree = "<group>";
		};
		702F8CCC290D3A99006B4DF1 /* font */ = {
			isa = PBXGroup;
			children = (
				702F8CCD290D3AA8006B4DF1 /* Inter */,
			);
			path = font;
			sourceTree = "<group>";
		};
		702F8CCD290D3AA8006B4DF1 /* Inter */ = {
			isa = PBXGroup;
			children = (
				702F8CD0290D3AA8006B4DF1 /* Inter-Medium.ttf */,
				702F8CD1290D3AA8006B4DF1 /* Inter-Light.ttf */,
				702F8CD2290D3AA8006B4DF1 /* Inter-Thin.ttf */,
				702F8CD3290D3AA8006B4DF1 /* Inter-Bold.ttf */,
				702F8CD4290D3AA8006B4DF1 /* Inter-Regular.ttf */,
				702F8CD5290D3AA8006B4DF1 /* Inter-ExtraBold.ttf */,
				702F8CD6290D3AA8006B4DF1 /* Inter-ExtraLight.ttf */,
				702F8CD7290D3AA8006B4DF1 /* Inter-Black.ttf */,
				702F8CD8290D3AA8006B4DF1 /* Inter-SemiBold.ttf */,
			);
			path = Inter;
			sourceTree = "<group>";
		};
		702F8CE7290D3ADE006B4DF1 /* Fonts */ = {
			isa = PBXGroup;
			children = (
				702F8CE8290D3B0A006B4DF1 /* Fonts.swift */,
			);
			path = Fonts;
			sourceTree = "<group>";
		};
		702F8CEA290D4035006B4DF1 /* Entity */ = {
			isa = PBXGroup;
			children = (
				702F8CEB290D404A006B4DF1 /* HomeSection.swift */,
			);
			path = Entity;
			sourceTree = "<group>";
		};
		70618C8F28FF31E300054A78 = {
			isa = PBXGroup;
			children = (
				702F8C4429042C8A006B4DF1 /* swiftgen.yml */,
				70618C9A28FF31E300054A78 /* GPSStyle */,
				70618CB128FF31E900054A78 /* GPSStyleTests */,
				70618CBB28FF31E900054A78 /* GPSStyleUITests */,
				70618C9928FF31E300054A78 /* Products */,
				22043178CBC5D5FE1DBC0E3D /* Pods */,
				C52CE417B896E94126BFFA4C /* Frameworks */,
			);
			sourceTree = "<group>";
		};
		70618C9928FF31E300054A78 /* Products */ = {
			isa = PBXGroup;
			children = (
				70618C9828FF31E300054A78 /* GPSStyle.app */,
				70618CAE28FF31E900054A78 /* GPSStyleTests.xctest */,
				70618CB828FF31E900054A78 /* GPSStyleUITests.xctest */,
			);
			name = Products;
			sourceTree = "<group>";
		};
		70618C9A28FF31E300054A78 /* GPSStyle */ = {
			isa = PBXGroup;
			children = (
				70618CA928FF31E800054A78 /* Info.plist */,
				DCDDBA3E2905585C00209C6B /* GoogleService-Info.plist */,
				702F8C632904348C006B4DF1 /* Resources */,
				702F8C3F29042AC9006B4DF1 /* Source */,
			);
			path = GPSStyle;
			sourceTree = "<group>";
		};
		70618CB128FF31E900054A78 /* GPSStyleTests */ = {
			isa = PBXGroup;
			children = (
				70618CB228FF31E900054A78 /* GPSStyleTests.swift */,
			);
			path = GPSStyleTests;
			sourceTree = "<group>";
		};
		70618CBB28FF31E900054A78 /* GPSStyleUITests */ = {
			isa = PBXGroup;
			children = (
				70618CBC28FF31E900054A78 /* GPSStyleUITests.swift */,
				70618CBE28FF31E900054A78 /* GPSStyleUITestsLaunchTests.swift */,
			);
			path = GPSStyleUITests;
			sourceTree = "<group>";
		};
		70F052A92910537B0074EDE5 /* Spinner */ = {
			isa = PBXGroup;
			children = (
				70F052AA2910539E0074EDE5 /* Spinner.swift */,
			);
			path = Spinner;
			sourceTree = "<group>";
		};
		C52CE417B896E94126BFFA4C /* Frameworks */ = {
			isa = PBXGroup;
			children = (
				15EC9988C8C08A9F86895CB7 /* Pods_GPSStyle.framework */,
				9DB50EC33BFD932CBA8E2D83 /* Pods_GPSStyle_GPSStyleUITests.framework */,
				13242142B07C9908B209D70B /* Pods_GPSStyleTests.framework */,
			);
			name = Frameworks;
			sourceTree = "<group>";
		};
		DCA223122919930A005D71C8 /* Login */ = {
			isa = PBXGroup;
			children = (
				DCA22319291993A3005D71C8 /* LoginViewController.swift */,
			);
			path = Login;
			sourceTree = "<group>";
		};
		DCA223132919931B005D71C8 /* CreateAccount */ = {
			isa = PBXGroup;
			children = (
				DCA2231729199391005D71C8 /* CreateAccountViewController.swift */,
			);
			path = CreateAccount;
			sourceTree = "<group>";
		};
		DCA2231429199345005D71C8 /* Welcome */ = {
			isa = PBXGroup;
			children = (
				DCA223152919937E005D71C8 /* WelcomeViewController.swift */,
			);
			path = Welcome;
			sourceTree = "<group>";
		};
		F5415C9F290D259E0099C278 /* ClothesCreate */ = {
			isa = PBXGroup;
			children = (
				F5415CA2290D28590099C278 /* ClothesCreatePresenter.swift */,
				F5415CA4290D28D10099C278 /* ClothesCreateRouter.swift */,
				F5415CA6290D290B0099C278 /* ClothesCreateViewController.swift */,
				F5415CA8290D297C0099C278 /* ClothesCreateProtocols.swift */,
				F5415CAA290D29C30099C278 /* ClothesCreateInteractor.swift */,
				F5415CAC290D29E40099C278 /* ClothesCreateContainer.swift */,
			);
			path = ClothesCreate;
			sourceTree = "<group>";
		};
/* End PBXGroup section */

/* Begin PBXNativeTarget section */
		70618C9728FF31E300054A78 /* GPSStyle */ = {
			isa = PBXNativeTarget;
			buildConfigurationList = 70618CC228FF31E900054A78 /* Build configuration list for PBXNativeTarget "GPSStyle" */;
			buildPhases = (
				A82A34CC0B6D646FC699E2B7 /* [CP] Check Pods Manifest.lock */,
				702F8C4E2904309A006B4DF1 /* SwiftGen */,
				70618CCB28FF35CF00054A78 /* SwiftLint */,
				70618C9428FF31E300054A78 /* Sources */,
				70618C9528FF31E300054A78 /* Frameworks */,
				70618C9628FF31E300054A78 /* Resources */,
				F6899D4071968D4363D3E8A7 /* [CP] Embed Pods Frameworks */,
			);
			buildRules = (
			);
			dependencies = (
			);
			name = GPSStyle;
			productName = GPSStyle;
			productReference = 70618C9828FF31E300054A78 /* GPSStyle.app */;
			productType = "com.apple.product-type.application";
		};
		70618CAD28FF31E900054A78 /* GPSStyleTests */ = {
			isa = PBXNativeTarget;
			buildConfigurationList = 70618CC528FF31E900054A78 /* Build configuration list for PBXNativeTarget "GPSStyleTests" */;
			buildPhases = (
				701077527178E7A9A6FC3D59 /* [CP] Check Pods Manifest.lock */,
				70618CAA28FF31E900054A78 /* Sources */,
				70618CAB28FF31E900054A78 /* Frameworks */,
				70618CAC28FF31E900054A78 /* Resources */,
			);
			buildRules = (
			);
			dependencies = (
				70618CB028FF31E900054A78 /* PBXTargetDependency */,
			);
			name = GPSStyleTests;
			productName = GPSStyleTests;
			productReference = 70618CAE28FF31E900054A78 /* GPSStyleTests.xctest */;
			productType = "com.apple.product-type.bundle.unit-test";
		};
		70618CB728FF31E900054A78 /* GPSStyleUITests */ = {
			isa = PBXNativeTarget;
			buildConfigurationList = 70618CC828FF31E900054A78 /* Build configuration list for PBXNativeTarget "GPSStyleUITests" */;
			buildPhases = (
				AB81FBF194482D622A1BA926 /* [CP] Check Pods Manifest.lock */,
				70618CB428FF31E900054A78 /* Sources */,
				70618CB528FF31E900054A78 /* Frameworks */,
				70618CB628FF31E900054A78 /* Resources */,
				3A78592365EB9FA3AA4C4840 /* [CP] Embed Pods Frameworks */,
			);
			buildRules = (
			);
			dependencies = (
				70618CBA28FF31E900054A78 /* PBXTargetDependency */,
			);
			name = GPSStyleUITests;
			productName = GPSStyleUITests;
			productReference = 70618CB828FF31E900054A78 /* GPSStyleUITests.xctest */;
			productType = "com.apple.product-type.bundle.ui-testing";
		};
/* End PBXNativeTarget section */

/* Begin PBXProject section */
		70618C9028FF31E300054A78 /* Project object */ = {
			isa = PBXProject;
			attributes = {
				BuildIndependentTargetsInParallel = 1;
				LastSwiftUpdateCheck = 1340;
				LastUpgradeCheck = 1340;
				TargetAttributes = {
					70618C9728FF31E300054A78 = {
						CreatedOnToolsVersion = 13.4.1;
					};
					70618CAD28FF31E900054A78 = {
						CreatedOnToolsVersion = 13.4.1;
						TestTargetID = 70618C9728FF31E300054A78;
					};
					70618CB728FF31E900054A78 = {
						CreatedOnToolsVersion = 13.4.1;
						TestTargetID = 70618C9728FF31E300054A78;
					};
				};
			};
			buildConfigurationList = 70618C9328FF31E300054A78 /* Build configuration list for PBXProject "GPSStyle" */;
			compatibilityVersion = "Xcode 13.0";
			developmentRegion = en;
			hasScannedForEncodings = 0;
			knownRegions = (
				en,
				Base,
				ru,
			);
			mainGroup = 70618C8F28FF31E300054A78;
			productRefGroup = 70618C9928FF31E300054A78 /* Products */;
			projectDirPath = "";
			projectRoot = "";
			targets = (
				70618C9728FF31E300054A78 /* GPSStyle */,
				70618CAD28FF31E900054A78 /* GPSStyleTests */,
				70618CB728FF31E900054A78 /* GPSStyleUITests */,
			);
		};
/* End PBXProject section */

/* Begin PBXResourcesBuildPhase section */
		70618C9628FF31E300054A78 /* Resources */ = {
			isa = PBXResourcesBuildPhase;
			buildActionMask = 2147483647;
			files = (
				70618CA828FF31E800054A78 /* LaunchScreen.storyboard in Resources */,
				702F8CE1290D3AA8006B4DF1 /* Inter-ExtraBold.ttf in Resources */,
				702F8CDD290D3AA8006B4DF1 /* Inter-Light.ttf in Resources */,
				702F8CE2290D3AA8006B4DF1 /* Inter-ExtraLight.ttf in Resources */,
				702F8CDF290D3AA8006B4DF1 /* Inter-Bold.ttf in Resources */,
				702F8C602904324D006B4DF1 /* ru.strings in Resources */,
				702F8CE3290D3AA8006B4DF1 /* Inter-Black.ttf in Resources */,
				702F8C5D2904322D006B4DF1 /* en.strings in Resources */,
				702F8CDC290D3AA8006B4DF1 /* Inter-Medium.ttf in Resources */,
				70618CA528FF31E800054A78 /* Assets.xcassets in Resources */,
				702F8C4529042C8A006B4DF1 /* swiftgen.yml in Resources */,
				702F8CE4290D3AA8006B4DF1 /* Inter-SemiBold.ttf in Resources */,
				702F8CDE290D3AA8006B4DF1 /* Inter-Thin.ttf in Resources */,
				702F8CE0290D3AA8006B4DF1 /* Inter-Regular.ttf in Resources */,
				DCDDBA3F2905585C00209C6B /* GoogleService-Info.plist in Resources */,
			);
			runOnlyForDeploymentPostprocessing = 0;
		};
		70618CAC28FF31E900054A78 /* Resources */ = {
			isa = PBXResourcesBuildPhase;
			buildActionMask = 2147483647;
			files = (
			);
			runOnlyForDeploymentPostprocessing = 0;
		};
		70618CB628FF31E900054A78 /* Resources */ = {
			isa = PBXResourcesBuildPhase;
			buildActionMask = 2147483647;
			files = (
			);
			runOnlyForDeploymentPostprocessing = 0;
		};
/* End PBXResourcesBuildPhase section */

/* Begin PBXShellScriptBuildPhase section */
		3A78592365EB9FA3AA4C4840 /* [CP] Embed Pods Frameworks */ = {
			isa = PBXShellScriptBuildPhase;
			buildActionMask = 2147483647;
			files = (
			);
			inputFileListPaths = (
				"${PODS_ROOT}/Target Support Files/Pods-GPSStyle-GPSStyleUITests/Pods-GPSStyle-GPSStyleUITests-frameworks-${CONFIGURATION}-input-files.xcfilelist",
			);
			name = "[CP] Embed Pods Frameworks";
			outputFileListPaths = (
				"${PODS_ROOT}/Target Support Files/Pods-GPSStyle-GPSStyleUITests/Pods-GPSStyle-GPSStyleUITests-frameworks-${CONFIGURATION}-output-files.xcfilelist",
			);
			runOnlyForDeploymentPostprocessing = 0;
			shellPath = /bin/sh;
			shellScript = "\"${PODS_ROOT}/Target Support Files/Pods-GPSStyle-GPSStyleUITests/Pods-GPSStyle-GPSStyleUITests-frameworks.sh\"\n";
			showEnvVarsInLog = 0;
		};
		701077527178E7A9A6FC3D59 /* [CP] Check Pods Manifest.lock */ = {
			isa = PBXShellScriptBuildPhase;
			buildActionMask = 2147483647;
			files = (
			);
			inputFileListPaths = (
			);
			inputPaths = (
				"${PODS_PODFILE_DIR_PATH}/Podfile.lock",
				"${PODS_ROOT}/Manifest.lock",
			);
			name = "[CP] Check Pods Manifest.lock";
			outputFileListPaths = (
			);
			outputPaths = (
				"$(DERIVED_FILE_DIR)/Pods-GPSStyleTests-checkManifestLockResult.txt",
			);
			runOnlyForDeploymentPostprocessing = 0;
			shellPath = /bin/sh;
			shellScript = "diff \"${PODS_PODFILE_DIR_PATH}/Podfile.lock\" \"${PODS_ROOT}/Manifest.lock\" > /dev/null\nif [ $? != 0 ] ; then\n    # print error to STDERR\n    echo \"error: The sandbox is not in sync with the Podfile.lock. Run 'pod install' or update your CocoaPods installation.\" >&2\n    exit 1\nfi\n# This output is used by Xcode 'outputs' to avoid re-running this script phase.\necho \"SUCCESS\" > \"${SCRIPT_OUTPUT_FILE_0}\"\n";
			showEnvVarsInLog = 0;
		};
		702F8C4E2904309A006B4DF1 /* SwiftGen */ = {
			isa = PBXShellScriptBuildPhase;
			buildActionMask = 2147483647;
			files = (
			);
			inputFileListPaths = (
			);
			inputPaths = (
			);
			name = SwiftGen;
			outputFileListPaths = (
			);
			outputPaths = (
			);
			runOnlyForDeploymentPostprocessing = 0;
			shellPath = /bin/sh;
			shellScript = "# Type a script or drag a script file from your workspace to insert its path.\n\n\"${PODS_ROOT}/SwiftGen/bin/swiftgen\"\n";
		};
		70618CCB28FF35CF00054A78 /* SwiftLint */ = {
			isa = PBXShellScriptBuildPhase;
			buildActionMask = 2147483647;
			files = (
			);
			inputFileListPaths = (
			);
			inputPaths = (
			);
			name = SwiftLint;
			outputFileListPaths = (
			);
			outputPaths = (
			);
			runOnlyForDeploymentPostprocessing = 0;
			shellPath = /bin/sh;
			shellScript = "# Type a script or drag a script file from your workspace to insert its path.\n\"${PODS_ROOT}/SwiftLint/swiftlint\"\n";
		};
		A82A34CC0B6D646FC699E2B7 /* [CP] Check Pods Manifest.lock */ = {
			isa = PBXShellScriptBuildPhase;
			buildActionMask = 2147483647;
			files = (
			);
			inputFileListPaths = (
			);
			inputPaths = (
				"${PODS_PODFILE_DIR_PATH}/Podfile.lock",
				"${PODS_ROOT}/Manifest.lock",
			);
			name = "[CP] Check Pods Manifest.lock";
			outputFileListPaths = (
			);
			outputPaths = (
				"$(DERIVED_FILE_DIR)/Pods-GPSStyle-checkManifestLockResult.txt",
			);
			runOnlyForDeploymentPostprocessing = 0;
			shellPath = /bin/sh;
			shellScript = "diff \"${PODS_PODFILE_DIR_PATH}/Podfile.lock\" \"${PODS_ROOT}/Manifest.lock\" > /dev/null\nif [ $? != 0 ] ; then\n    # print error to STDERR\n    echo \"error: The sandbox is not in sync with the Podfile.lock. Run 'pod install' or update your CocoaPods installation.\" >&2\n    exit 1\nfi\n# This output is used by Xcode 'outputs' to avoid re-running this script phase.\necho \"SUCCESS\" > \"${SCRIPT_OUTPUT_FILE_0}\"\n";
			showEnvVarsInLog = 0;
		};
		AB81FBF194482D622A1BA926 /* [CP] Check Pods Manifest.lock */ = {
			isa = PBXShellScriptBuildPhase;
			buildActionMask = 2147483647;
			files = (
			);
			inputFileListPaths = (
			);
			inputPaths = (
				"${PODS_PODFILE_DIR_PATH}/Podfile.lock",
				"${PODS_ROOT}/Manifest.lock",
			);
			name = "[CP] Check Pods Manifest.lock";
			outputFileListPaths = (
			);
			outputPaths = (
				"$(DERIVED_FILE_DIR)/Pods-GPSStyle-GPSStyleUITests-checkManifestLockResult.txt",
			);
			runOnlyForDeploymentPostprocessing = 0;
			shellPath = /bin/sh;
			shellScript = "diff \"${PODS_PODFILE_DIR_PATH}/Podfile.lock\" \"${PODS_ROOT}/Manifest.lock\" > /dev/null\nif [ $? != 0 ] ; then\n    # print error to STDERR\n    echo \"error: The sandbox is not in sync with the Podfile.lock. Run 'pod install' or update your CocoaPods installation.\" >&2\n    exit 1\nfi\n# This output is used by Xcode 'outputs' to avoid re-running this script phase.\necho \"SUCCESS\" > \"${SCRIPT_OUTPUT_FILE_0}\"\n";
			showEnvVarsInLog = 0;
		};
		F6899D4071968D4363D3E8A7 /* [CP] Embed Pods Frameworks */ = {
			isa = PBXShellScriptBuildPhase;
			buildActionMask = 2147483647;
			files = (
			);
			inputFileListPaths = (
				"${PODS_ROOT}/Target Support Files/Pods-GPSStyle/Pods-GPSStyle-frameworks-${CONFIGURATION}-input-files.xcfilelist",
			);
			name = "[CP] Embed Pods Frameworks";
			outputFileListPaths = (
				"${PODS_ROOT}/Target Support Files/Pods-GPSStyle/Pods-GPSStyle-frameworks-${CONFIGURATION}-output-files.xcfilelist",
			);
			runOnlyForDeploymentPostprocessing = 0;
			shellPath = /bin/sh;
			shellScript = "\"${PODS_ROOT}/Target Support Files/Pods-GPSStyle/Pods-GPSStyle-frameworks.sh\"\n";
			showEnvVarsInLog = 0;
		};
/* End PBXShellScriptBuildPhase section */

/* Begin PBXSourcesBuildPhase section */
		70618C9428FF31E300054A78 /* Sources */ = {
			isa = PBXSourcesBuildPhase;
			buildActionMask = 2147483647;
			files = (
				F5415CA3290D28590099C278 /* ClothesCreatePresenter.swift in Sources */,
				70F052AB2910539E0074EDE5 /* Spinner.swift in Sources */,
				F5415CA5290D28D10099C278 /* ClothesCreateRouter.swift in Sources */,
				F5415CA7290D290B0099C278 /* ClothesCreateViewController.swift in Sources */,
				F5415CA9290D297C0099C278 /* ClothesCreateProtocols.swift in Sources */,
				F5415CAB290D29C30099C278 /* ClothesCreateInteractor.swift in Sources */,
				F5415CAD290D29E40099C278 /* ClothesCreateContainer.swift in Sources */,
				702F8C9E29044EFC006B4DF1 /* LooksListProtocols.swift in Sources */,
				702F8CBA290C85FB006B4DF1 /* CalendarView+Delegate.swift in Sources */,
				702F8CC0290C8C35006B4DF1 /* HomeTableViewCell.swift in Sources */,
				702F8C8229044E97006B4DF1 /* ClothesListRouter.swift in Sources */,
				702F8CC4290C940D006B4DF1 /* VerticalAlignLabel.swift in Sources */,
				702F8CB7290C85FB006B4DF1 /* CalendarView+Extensions.swift in Sources */,
				702F8C9F29044EFC006B4DF1 /* LooksListInteractor.swift in Sources */,
				702F8CB5290C85FB006B4DF1 /* CalendarFlowLayout.swift in Sources */,
				702F8C672904355D006B4DF1 /* Colors.swift in Sources */,
				702F8C9329044EC2006B4DF1 /* ProfileContainer.swift in Sources */,
				702F8CE9290D3B0A006B4DF1 /* Fonts.swift in Sources */,
				702F8C6C290441B3006B4DF1 /* Assets.swift in Sources */,
				702F8C8529044E97006B4DF1 /* ClothesListInteractor.swift in Sources */,
				702F8CBD290C85FB006B4DF1 /* CalendarView.swift in Sources */,
				70618C9C28FF31E300054A78 /* AppDelegate.swift in Sources */,
				702F8C7729044E53006B4DF1 /* HomeProtocols.swift in Sources */,
				702F8C9129044EC2006B4DF1 /* ProfileProtocols.swift in Sources */,
				702F8C8329044E97006B4DF1 /* ClothesListViewController.swift in Sources */,
				702F8CBB290C85FB006B4DF1 /* EventsManager.swift in Sources */,
				702F8C4C29042F45006B4DF1 /* Strings.swift in Sources */,
				702F8CB8290C85FB006B4DF1 /* CalendarDayCell.swift in Sources */,
				702F8C7929044E53006B4DF1 /* HomeContainer.swift in Sources */,
				702F8C8F29044EC2006B4DF1 /* ProfileRouter.swift in Sources */,
				DCA2231829199391005D71C8 /* CreateAccountViewController.swift in Sources */,
				702F8C4229042B29006B4DF1 /* MainTabBarController.swift in Sources */,
				702F8CB6290C85FB006B4DF1 /* CalendarHeaderView.swift in Sources */,
				702F8C7829044E53006B4DF1 /* HomeInteractor.swift in Sources */,
				DCA2231A291993A4005D71C8 /* LoginViewController.swift in Sources */,
				702F8CB9290C85FB006B4DF1 /* CalendarView+Style.swift in Sources */,
				702F8C7429044E53006B4DF1 /* HomePresenter.swift in Sources */,
				702F8C7629044E53006B4DF1 /* HomeViewController.swift in Sources */,
				702F8C9C29044EFC006B4DF1 /* LooksListRouter.swift in Sources */,
				702F8C9029044EC2006B4DF1 /* ProfileViewController.swift in Sources */,
				702F8C9D29044EFC006B4DF1 /* LooksListViewController.swift in Sources */,
				702F8C6929043CA7006B4DF1 /* TabBarModel.swift in Sources */,
				702F8C8429044E97006B4DF1 /* ClothesListProtocols.swift in Sources */,
				DCA223162919937E005D71C8 /* WelcomeViewController.swift in Sources */,
				70618C9E28FF31E300054A78 /* SceneDelegate.swift in Sources */,
				702F8C9B29044EFC006B4DF1 /* LooksListPresenter.swift in Sources */,
				702F8CA029044EFC006B4DF1 /* LooksListContainer.swift in Sources */,
				702F8C8E29044EC2006B4DF1 /* ProfilePresenter.swift in Sources */,
				702F8CCB290D30F1006B4DF1 /* UIView+Extension.swift in Sources */,
				702F8C8129044E97006B4DF1 /* ClothesListPresenter.swift in Sources */,
				702F8CEC290D404A006B4DF1 /* HomeSection.swift in Sources */,
				702F8CC9290D2872006B4DF1 /* ImageLoader.swift in Sources */,
				702F8C9229044EC2006B4DF1 /* ProfileInteractor.swift in Sources */,
				702F8C8629044E97006B4DF1 /* ClothesListContainer.swift in Sources */,
				70F052AD29116D3C0074EDE5 /* HomeState.swift in Sources */,
				702F8CBC290C85FB006B4DF1 /* CalendarView+DataSource.swift in Sources */,
				702F8C7529044E53006B4DF1 /* HomeRouter.swift in Sources */,
				702F8CC8290D2872006B4DF1 /* ImageCache.swift in Sources */,
			);
			runOnlyForDeploymentPostprocessing = 0;
		};
		70618CAA28FF31E900054A78 /* Sources */ = {
			isa = PBXSourcesBuildPhase;
			buildActionMask = 2147483647;
			files = (
				70618CB328FF31E900054A78 /* GPSStyleTests.swift in Sources */,
			);
			runOnlyForDeploymentPostprocessing = 0;
		};
		70618CB428FF31E900054A78 /* Sources */ = {
			isa = PBXSourcesBuildPhase;
			buildActionMask = 2147483647;
			files = (
				70618CBF28FF31E900054A78 /* GPSStyleUITestsLaunchTests.swift in Sources */,
				70618CBD28FF31E900054A78 /* GPSStyleUITests.swift in Sources */,
			);
			runOnlyForDeploymentPostprocessing = 0;
		};
/* End PBXSourcesBuildPhase section */

/* Begin PBXTargetDependency section */
		70618CB028FF31E900054A78 /* PBXTargetDependency */ = {
			isa = PBXTargetDependency;
			target = 70618C9728FF31E300054A78 /* GPSStyle */;
			targetProxy = 70618CAF28FF31E900054A78 /* PBXContainerItemProxy */;
		};
		70618CBA28FF31E900054A78 /* PBXTargetDependency */ = {
			isa = PBXTargetDependency;
			target = 70618C9728FF31E300054A78 /* GPSStyle */;
			targetProxy = 70618CB928FF31E900054A78 /* PBXContainerItemProxy */;
		};
/* End PBXTargetDependency section */

/* Begin PBXVariantGroup section */
		702F8C5F2904322D006B4DF1 /* en.strings */ = {
			isa = PBXVariantGroup;
			children = (
				702F8C5E2904322D006B4DF1 /* en */,
			);
			name = en.strings;
			sourceTree = "<group>";
		};
		702F8C622904324D006B4DF1 /* ru.strings */ = {
			isa = PBXVariantGroup;
			children = (
				702F8C612904324D006B4DF1 /* ru */,
			);
			name = ru.strings;
			sourceTree = "<group>";
		};
		70618CA628FF31E800054A78 /* LaunchScreen.storyboard */ = {
			isa = PBXVariantGroup;
			children = (
				70618CA728FF31E800054A78 /* Base */,
			);
			name = LaunchScreen.storyboard;
			sourceTree = "<group>";
		};
/* End PBXVariantGroup section */

/* Begin XCBuildConfiguration section */
		70618CC028FF31E900054A78 /* Debug */ = {
			isa = XCBuildConfiguration;
			buildSettings = {
				ALWAYS_SEARCH_USER_PATHS = NO;
				CLANG_ANALYZER_LOCALIZABILITY_NONLOCALIZED = YES;
				CLANG_ANALYZER_NONNULL = YES;
				CLANG_ANALYZER_NUMBER_OBJECT_CONVERSION = YES_AGGRESSIVE;
				CLANG_CXX_LANGUAGE_STANDARD = "gnu++17";
				CLANG_ENABLE_MODULES = YES;
				CLANG_ENABLE_OBJC_ARC = YES;
				CLANG_ENABLE_OBJC_WEAK = YES;
				CLANG_WARN_BLOCK_CAPTURE_AUTORELEASING = YES;
				CLANG_WARN_BOOL_CONVERSION = YES;
				CLANG_WARN_COMMA = YES;
				CLANG_WARN_CONSTANT_CONVERSION = YES;
				CLANG_WARN_DEPRECATED_OBJC_IMPLEMENTATIONS = YES;
				CLANG_WARN_DIRECT_OBJC_ISA_USAGE = YES_ERROR;
				CLANG_WARN_DOCUMENTATION_COMMENTS = YES;
				CLANG_WARN_EMPTY_BODY = YES;
				CLANG_WARN_ENUM_CONVERSION = YES;
				CLANG_WARN_INFINITE_RECURSION = YES;
				CLANG_WARN_INT_CONVERSION = YES;
				CLANG_WARN_NON_LITERAL_NULL_CONVERSION = YES;
				CLANG_WARN_OBJC_IMPLICIT_RETAIN_SELF = YES;
				CLANG_WARN_OBJC_LITERAL_CONVERSION = YES;
				CLANG_WARN_OBJC_ROOT_CLASS = YES_ERROR;
				CLANG_WARN_QUOTED_INCLUDE_IN_FRAMEWORK_HEADER = YES;
				CLANG_WARN_RANGE_LOOP_ANALYSIS = YES;
				CLANG_WARN_STRICT_PROTOTYPES = YES;
				CLANG_WARN_SUSPICIOUS_MOVE = YES;
				CLANG_WARN_UNGUARDED_AVAILABILITY = YES_AGGRESSIVE;
				CLANG_WARN_UNREACHABLE_CODE = YES;
				CLANG_WARN__DUPLICATE_METHOD_MATCH = YES;
				COPY_PHASE_STRIP = NO;
				DEBUG_INFORMATION_FORMAT = dwarf;
				ENABLE_STRICT_OBJC_MSGSEND = YES;
				ENABLE_TESTABILITY = YES;
				GCC_C_LANGUAGE_STANDARD = gnu11;
				GCC_DYNAMIC_NO_PIC = NO;
				GCC_NO_COMMON_BLOCKS = YES;
				GCC_OPTIMIZATION_LEVEL = 0;
				GCC_PREPROCESSOR_DEFINITIONS = (
					"DEBUG=1",
					"$(inherited)",
				);
				GCC_WARN_64_TO_32_BIT_CONVERSION = YES;
				GCC_WARN_ABOUT_RETURN_TYPE = YES_ERROR;
				GCC_WARN_UNDECLARED_SELECTOR = YES;
				GCC_WARN_UNINITIALIZED_AUTOS = YES_AGGRESSIVE;
				GCC_WARN_UNUSED_FUNCTION = YES;
				GCC_WARN_UNUSED_VARIABLE = YES;
				IPHONEOS_DEPLOYMENT_TARGET = 15.5;
				MTL_ENABLE_DEBUG_INFO = INCLUDE_SOURCE;
				MTL_FAST_MATH = YES;
				ONLY_ACTIVE_ARCH = YES;
				SDKROOT = iphoneos;
				SWIFT_ACTIVE_COMPILATION_CONDITIONS = DEBUG;
				SWIFT_OPTIMIZATION_LEVEL = "-Onone";
			};
			name = Debug;
		};
		70618CC128FF31E900054A78 /* Release */ = {
			isa = XCBuildConfiguration;
			buildSettings = {
				ALWAYS_SEARCH_USER_PATHS = NO;
				CLANG_ANALYZER_LOCALIZABILITY_NONLOCALIZED = YES;
				CLANG_ANALYZER_NONNULL = YES;
				CLANG_ANALYZER_NUMBER_OBJECT_CONVERSION = YES_AGGRESSIVE;
				CLANG_CXX_LANGUAGE_STANDARD = "gnu++17";
				CLANG_ENABLE_MODULES = YES;
				CLANG_ENABLE_OBJC_ARC = YES;
				CLANG_ENABLE_OBJC_WEAK = YES;
				CLANG_WARN_BLOCK_CAPTURE_AUTORELEASING = YES;
				CLANG_WARN_BOOL_CONVERSION = YES;
				CLANG_WARN_COMMA = YES;
				CLANG_WARN_CONSTANT_CONVERSION = YES;
				CLANG_WARN_DEPRECATED_OBJC_IMPLEMENTATIONS = YES;
				CLANG_WARN_DIRECT_OBJC_ISA_USAGE = YES_ERROR;
				CLANG_WARN_DOCUMENTATION_COMMENTS = YES;
				CLANG_WARN_EMPTY_BODY = YES;
				CLANG_WARN_ENUM_CONVERSION = YES;
				CLANG_WARN_INFINITE_RECURSION = YES;
				CLANG_WARN_INT_CONVERSION = YES;
				CLANG_WARN_NON_LITERAL_NULL_CONVERSION = YES;
				CLANG_WARN_OBJC_IMPLICIT_RETAIN_SELF = YES;
				CLANG_WARN_OBJC_LITERAL_CONVERSION = YES;
				CLANG_WARN_OBJC_ROOT_CLASS = YES_ERROR;
				CLANG_WARN_QUOTED_INCLUDE_IN_FRAMEWORK_HEADER = YES;
				CLANG_WARN_RANGE_LOOP_ANALYSIS = YES;
				CLANG_WARN_STRICT_PROTOTYPES = YES;
				CLANG_WARN_SUSPICIOUS_MOVE = YES;
				CLANG_WARN_UNGUARDED_AVAILABILITY = YES_AGGRESSIVE;
				CLANG_WARN_UNREACHABLE_CODE = YES;
				CLANG_WARN__DUPLICATE_METHOD_MATCH = YES;
				COPY_PHASE_STRIP = NO;
				DEBUG_INFORMATION_FORMAT = "dwarf-with-dsym";
				ENABLE_NS_ASSERTIONS = NO;
				ENABLE_STRICT_OBJC_MSGSEND = YES;
				GCC_C_LANGUAGE_STANDARD = gnu11;
				GCC_NO_COMMON_BLOCKS = YES;
				GCC_WARN_64_TO_32_BIT_CONVERSION = YES;
				GCC_WARN_ABOUT_RETURN_TYPE = YES_ERROR;
				GCC_WARN_UNDECLARED_SELECTOR = YES;
				GCC_WARN_UNINITIALIZED_AUTOS = YES_AGGRESSIVE;
				GCC_WARN_UNUSED_FUNCTION = YES;
				GCC_WARN_UNUSED_VARIABLE = YES;
				IPHONEOS_DEPLOYMENT_TARGET = 15.5;
				MTL_ENABLE_DEBUG_INFO = NO;
				MTL_FAST_MATH = YES;
				SDKROOT = iphoneos;
				SWIFT_COMPILATION_MODE = wholemodule;
				SWIFT_OPTIMIZATION_LEVEL = "-O";
				VALIDATE_PRODUCT = YES;
			};
			name = Release;
		};
		70618CC328FF31E900054A78 /* Debug */ = {
			isa = XCBuildConfiguration;
			baseConfigurationReference = 621ED99DA5CC9464462682CE /* Pods-GPSStyle.debug.xcconfig */;
			buildSettings = {
				ASSETCATALOG_COMPILER_APPICON_NAME = AppIcon;
				ASSETCATALOG_COMPILER_GLOBAL_ACCENT_COLOR_NAME = AccentColor;
				CODE_SIGN_STYLE = Automatic;
				CURRENT_PROJECT_VERSION = 1;
				GENERATE_INFOPLIST_FILE = YES;
				INFOPLIST_FILE = GPSStyle/Info.plist;
				INFOPLIST_KEY_UIApplicationSupportsIndirectInputEvents = YES;
				INFOPLIST_KEY_UILaunchStoryboardName = LaunchScreen;
				INFOPLIST_KEY_UISupportedInterfaceOrientations = UIInterfaceOrientationPortrait;
				INFOPLIST_KEY_UISupportedInterfaceOrientations_iPad = UIInterfaceOrientationPortrait;
				INFOPLIST_KEY_UISupportedInterfaceOrientations_iPhone = UIInterfaceOrientationPortrait;
				LD_RUNPATH_SEARCH_PATHS = (
					"$(inherited)",
					"@executable_path/Frameworks",
				);
				MARKETING_VERSION = 1.0;
				PRODUCT_BUNDLE_IDENTIFIER = ru.igpsos.com.GPSStyle;
				PRODUCT_NAME = "$(TARGET_NAME)";
				SWIFT_EMIT_LOC_STRINGS = YES;
				SWIFT_VERSION = 5.0;
				TARGETED_DEVICE_FAMILY = 1;
			};
			name = Debug;
		};
		70618CC428FF31E900054A78 /* Release */ = {
			isa = XCBuildConfiguration;
			baseConfigurationReference = 476F182ED4AB7CEC2F5FF946 /* Pods-GPSStyle.release.xcconfig */;
			buildSettings = {
				ASSETCATALOG_COMPILER_APPICON_NAME = AppIcon;
				ASSETCATALOG_COMPILER_GLOBAL_ACCENT_COLOR_NAME = AccentColor;
				CODE_SIGN_STYLE = Automatic;
				CURRENT_PROJECT_VERSION = 1;
				GENERATE_INFOPLIST_FILE = YES;
				INFOPLIST_FILE = GPSStyle/Info.plist;
				INFOPLIST_KEY_UIApplicationSupportsIndirectInputEvents = YES;
				INFOPLIST_KEY_UILaunchStoryboardName = LaunchScreen;
				INFOPLIST_KEY_UISupportedInterfaceOrientations = UIInterfaceOrientationPortrait;
				INFOPLIST_KEY_UISupportedInterfaceOrientations_iPad = UIInterfaceOrientationPortrait;
				INFOPLIST_KEY_UISupportedInterfaceOrientations_iPhone = UIInterfaceOrientationPortrait;
				LD_RUNPATH_SEARCH_PATHS = (
					"$(inherited)",
					"@executable_path/Frameworks",
				);
				MARKETING_VERSION = 1.0;
				PRODUCT_BUNDLE_IDENTIFIER = ru.igpsos.com.GPSStyle;
				PRODUCT_NAME = "$(TARGET_NAME)";
				SWIFT_EMIT_LOC_STRINGS = YES;
				SWIFT_VERSION = 5.0;
				TARGETED_DEVICE_FAMILY = 1;
			};
			name = Release;
		};
		70618CC628FF31E900054A78 /* Debug */ = {
			isa = XCBuildConfiguration;
			baseConfigurationReference = 30CAADC0196775665A4A8EA9 /* Pods-GPSStyleTests.debug.xcconfig */;
			buildSettings = {
				ALWAYS_EMBED_SWIFT_STANDARD_LIBRARIES = YES;
				BUNDLE_LOADER = "$(TEST_HOST)";
				CODE_SIGN_STYLE = Automatic;
				CURRENT_PROJECT_VERSION = 1;
				GENERATE_INFOPLIST_FILE = YES;
				IPHONEOS_DEPLOYMENT_TARGET = 15.5;
				MARKETING_VERSION = 1.0;
				PRODUCT_BUNDLE_IDENTIFIER = ru.igpsos.com.GPSStyleTests;
				PRODUCT_NAME = "$(TARGET_NAME)";
				SWIFT_EMIT_LOC_STRINGS = NO;
				SWIFT_VERSION = 5.0;
				TARGETED_DEVICE_FAMILY = "1,2";
				TEST_HOST = "$(BUILT_PRODUCTS_DIR)/GPSStyle.app/GPSStyle";
			};
			name = Debug;
		};
		70618CC728FF31E900054A78 /* Release */ = {
			isa = XCBuildConfiguration;
			baseConfigurationReference = DF47B501C23C104C059933F8 /* Pods-GPSStyleTests.release.xcconfig */;
			buildSettings = {
				ALWAYS_EMBED_SWIFT_STANDARD_LIBRARIES = YES;
				BUNDLE_LOADER = "$(TEST_HOST)";
				CODE_SIGN_STYLE = Automatic;
				CURRENT_PROJECT_VERSION = 1;
				GENERATE_INFOPLIST_FILE = YES;
				IPHONEOS_DEPLOYMENT_TARGET = 15.5;
				MARKETING_VERSION = 1.0;
				PRODUCT_BUNDLE_IDENTIFIER = ru.igpsos.com.GPSStyleTests;
				PRODUCT_NAME = "$(TARGET_NAME)";
				SWIFT_EMIT_LOC_STRINGS = NO;
				SWIFT_VERSION = 5.0;
				TARGETED_DEVICE_FAMILY = "1,2";
				TEST_HOST = "$(BUILT_PRODUCTS_DIR)/GPSStyle.app/GPSStyle";
			};
			name = Release;
		};
		70618CC928FF31E900054A78 /* Debug */ = {
			isa = XCBuildConfiguration;
			baseConfigurationReference = 8470EF11AC9981E312CD4064 /* Pods-GPSStyle-GPSStyleUITests.debug.xcconfig */;
			buildSettings = {
				ALWAYS_EMBED_SWIFT_STANDARD_LIBRARIES = YES;
				CODE_SIGN_STYLE = Automatic;
				CURRENT_PROJECT_VERSION = 1;
				GENERATE_INFOPLIST_FILE = YES;
				MARKETING_VERSION = 1.0;
				PRODUCT_BUNDLE_IDENTIFIER = ru.igpsos.com.GPSStyleUITests;
				PRODUCT_NAME = "$(TARGET_NAME)";
				SWIFT_EMIT_LOC_STRINGS = NO;
				SWIFT_VERSION = 5.0;
				TARGETED_DEVICE_FAMILY = "1,2";
				TEST_TARGET_NAME = GPSStyle;
			};
			name = Debug;
		};
		70618CCA28FF31E900054A78 /* Release */ = {
			isa = XCBuildConfiguration;
			baseConfigurationReference = 623CDAEEBDEA4DB8B1ACEDF8 /* Pods-GPSStyle-GPSStyleUITests.release.xcconfig */;
			buildSettings = {
				ALWAYS_EMBED_SWIFT_STANDARD_LIBRARIES = YES;
				CODE_SIGN_STYLE = Automatic;
				CURRENT_PROJECT_VERSION = 1;
				GENERATE_INFOPLIST_FILE = YES;
				MARKETING_VERSION = 1.0;
				PRODUCT_BUNDLE_IDENTIFIER = ru.igpsos.com.GPSStyleUITests;
				PRODUCT_NAME = "$(TARGET_NAME)";
				SWIFT_EMIT_LOC_STRINGS = NO;
				SWIFT_VERSION = 5.0;
				TARGETED_DEVICE_FAMILY = "1,2";
				TEST_TARGET_NAME = GPSStyle;
			};
			name = Release;
		};
/* End XCBuildConfiguration section */

/* Begin XCConfigurationList section */
		70618C9328FF31E300054A78 /* Build configuration list for PBXProject "GPSStyle" */ = {
			isa = XCConfigurationList;
			buildConfigurations = (
				70618CC028FF31E900054A78 /* Debug */,
				70618CC128FF31E900054A78 /* Release */,
			);
			defaultConfigurationIsVisible = 0;
			defaultConfigurationName = Release;
		};
		70618CC228FF31E900054A78 /* Build configuration list for PBXNativeTarget "GPSStyle" */ = {
			isa = XCConfigurationList;
			buildConfigurations = (
				70618CC328FF31E900054A78 /* Debug */,
				70618CC428FF31E900054A78 /* Release */,
			);
			defaultConfigurationIsVisible = 0;
			defaultConfigurationName = Release;
		};
		70618CC528FF31E900054A78 /* Build configuration list for PBXNativeTarget "GPSStyleTests" */ = {
			isa = XCConfigurationList;
			buildConfigurations = (
				70618CC628FF31E900054A78 /* Debug */,
				70618CC728FF31E900054A78 /* Release */,
			);
			defaultConfigurationIsVisible = 0;
			defaultConfigurationName = Release;
		};
		70618CC828FF31E900054A78 /* Build configuration list for PBXNativeTarget "GPSStyleUITests" */ = {
			isa = XCConfigurationList;
			buildConfigurations = (
				70618CC928FF31E900054A78 /* Debug */,
				70618CCA28FF31E900054A78 /* Release */,
			);
			defaultConfigurationIsVisible = 0;
			defaultConfigurationName = Release;
		};
/* End XCConfigurationList section */
	};
	rootObject = 70618C9028FF31E300054A78 /* Project object */;
}
