PODS:
  - PinLayout (1.10.3)
  - SwiftGen (6.6.2)
  - SwiftLint (0.49.1)

DEPENDENCIES:
  - PinLayout
  - SwiftGen (~> 6.0)
  - SwiftLint

SPEC REPOS:
  trunk:
    - PinLayout
    - SwiftGen
    - SwiftLint

SPEC CHECKSUMS:
  PinLayout: 0090ccbf29ae69af6ae5a15eaeaf27ed7b2c4d83
  SwiftGen: 1366a7f71aeef49954ca5a63ba4bef6b0f24138c
  SwiftLint: 32ee33ded0636d0905ef6911b2b67bbaeeedafa5

PODFILE CHECKSUM: 659864ebd27163de53e22b1b0550a730eece9f73

COCOAPODS: 1.11.3
